// !$*UTF8*$!
{
	archiveVersion = 1;
	classes = {
	};
	objectVersion = 46;
	objects = {

/* Begin PBXBuildFile section */
		5586ABEB1AF2A0C200D4C714 /* SudokuPuzzle.m in Sources */ = {isa = PBXBuildFile; fileRef = 5586ABEA1AF2A0C200D4C714 /* SudokuPuzzle.m */; };
		5586ABF01AF2A16000D4C714 /* sudoku-easy.plist in Resources */ = {isa = PBXBuildFile; fileRef = 5586ABEC1AF2A16000D4C714 /* sudoku-easy.plist */; };
		5586ABF11AF2A16000D4C714 /* sudoku-expert.plist in Resources */ = {isa = PBXBuildFile; fileRef = 5586ABED1AF2A16000D4C714 /* sudoku-expert.plist */; };
		5586ABF21AF2A16000D4C714 /* sudoku-intermediate.plist in Resources */ = {isa = PBXBuildFile; fileRef = 5586ABEE1AF2A16000D4C714 /* sudoku-intermediate.plist */; };
		5586ABF31AF2A16000D4C714 /* sudoku-simple.plist in Resources */ = {isa = PBXBuildFile; fileRef = 5586ABEF1AF2A16000D4C714 /* sudoku-simple.plist */; };
		5586ABF61AF2A32D00D4C714 /* OptionsViewController.m in Sources */ = {isa = PBXBuildFile; fileRef = 5586ABF51AF2A32D00D4C714 /* OptionsViewController.m */; };
		55B504541AE96948004E5C45 /* AppDelegate.m in Sources */ = {isa = PBXBuildFile; fileRef = 55B504531AE96948004E5C45 /* AppDelegate.m */; };
		55B504561AE96948004E5C45 /* main.m in Sources */ = {isa = PBXBuildFile; fileRef = 55B504551AE96948004E5C45 /* main.m */; };
		55B504591AE96948004E5C45 /* SudokuViewController.m in Sources */ = {isa = PBXBuildFile; fileRef = 55B504581AE96948004E5C45 /* SudokuViewController.m */; };
		55B5045B1AE96948004E5C45 /* Images.xcassets in Resources */ = {isa = PBXBuildFile; fileRef = 55B5045A1AE96948004E5C45 /* Images.xcassets */; };
		55B5045E1AE96948004E5C45 /* Main.storyboard in Resources */ = {isa = PBXBuildFile; fileRef = 55B5045C1AE96948004E5C45 /* Main.storyboard */; };
		55B5046A1AE96949004E5C45 /* SudokuMac2015Tests.m in Sources */ = {isa = PBXBuildFile; fileRef = 55B504691AE96949004E5C45 /* SudokuMac2015Tests.m */; };
		55B504751AE969DC004E5C45 /* SudokuView.m in Sources */ = {isa = PBXBuildFile; fileRef = 55B504741AE969DC004E5C45 /* SudokuView.m */; };
/* End PBXBuildFile section */

/* Begin PBXContainerItemProxy section */
		55B504641AE96949004E5C45 /* PBXContainerItemProxy */ = {
			isa = PBXContainerItemProxy;
			containerPortal = 55B504451AE96948004E5C45 /* Project object */;
			proxyType = 1;
			remoteGlobalIDString = 55B5044C1AE96948004E5C45;
			remoteInfo = SudokuMac2015;
		};
/* End PBXContainerItemProxy section */

/* Begin PBXFileReference section */
		5586ABE91AF2A0C200D4C714 /* SudokuPuzzle.h */ = {isa = PBXFileReference; fileEncoding = 4; lastKnownFileType = sourcecode.c.h; path = SudokuPuzzle.h; sourceTree = "<group>"; };
		5586ABEA1AF2A0C200D4C714 /* SudokuPuzzle.m */ = {isa = PBXFileReference; fileEncoding = 4; lastKnownFileType = sourcecode.c.objc; path = SudokuPuzzle.m; sourceTree = "<group>"; };
		5586ABEC1AF2A16000D4C714 /* sudoku-easy.plist */ = {isa = PBXFileReference; fileEncoding = 4; lastKnownFileType = text.plist.xml; path = "sudoku-easy.plist"; sourceTree = "<group>"; };
		5586ABED1AF2A16000D4C714 /* sudoku-expert.plist */ = {isa = PBXFileReference; fileEncoding = 4; lastKnownFileType = text.plist.xml; path = "sudoku-expert.plist"; sourceTree = "<group>"; };
		5586ABEE1AF2A16000D4C714 /* sudoku-intermediate.plist */ = {isa = PBXFileReference; fileEncoding = 4; lastKnownFileType = text.plist.xml; path = "sudoku-intermediate.plist"; sourceTree = "<group>"; };
		5586ABEF1AF2A16000D4C714 /* sudoku-simple.plist */ = {isa = PBXFileReference; fileEncoding = 4; lastKnownFileType = text.plist.xml; path = "sudoku-simple.plist"; sourceTree = "<group>"; };
		5586ABF41AF2A32D00D4C714 /* OptionsViewController.h */ = {isa = PBXFileReference; fileEncoding = 4; lastKnownFileType = sourcecode.c.h; path = OptionsViewController.h; sourceTree = "<group>"; };
		5586ABF51AF2A32D00D4C714 /* OptionsViewController.m */ = {isa = PBXFileReference; fileEncoding = 4; lastKnownFileType = sourcecode.c.objc; path = OptionsViewController.m; sourceTree = "<group>"; };
		55B5044D1AE96948004E5C45 /* SudokuMac2015.app */ = {isa = PBXFileReference; explicitFileType = wrapper.application; includeInIndex = 0; path = SudokuMac2015.app; sourceTree = BUILT_PRODUCTS_DIR; };
		55B504511AE96948004E5C45 /* Info.plist */ = {isa = PBXFileReference; lastKnownFileType = text.plist.xml; path = Info.plist; sourceTree = "<group>"; };
		55B504521AE96948004E5C45 /* AppDelegate.h */ = {isa = PBXFileReference; lastKnownFileType = sourcecode.c.h; path = AppDelegate.h; sourceTree = "<group>"; };
		55B504531AE96948004E5C45 /* AppDelegate.m */ = {isa = PBXFileReference; lastKnownFileType = sourcecode.c.objc; path = AppDelegate.m; sourceTree = "<group>"; };
		55B504551AE96948004E5C45 /* main.m */ = {isa = PBXFileReference; lastKnownFileType = sourcecode.c.objc; path = main.m; sourceTree = "<group>"; };
		55B504571AE96948004E5C45 /* SudokuViewController.h */ = {isa = PBXFileReference; lastKnownFileType = sourcecode.c.h; path = SudokuViewController.h; sourceTree = "<group>"; };
		55B504581AE96948004E5C45 /* SudokuViewController.m */ = {isa = PBXFileReference; lastKnownFileType = sourcecode.c.objc; path = SudokuViewController.m; sourceTree = "<group>"; };
		55B5045A1AE96948004E5C45 /* Images.xcassets */ = {isa = PBXFileReference; lastKnownFileType = folder.assetcatalog; path = Images.xcassets; sourceTree = "<group>"; };
		55B5045D1AE96948004E5C45 /* Base */ = {isa = PBXFileReference; lastKnownFileType = file.storyboard; name = Base; path = Base.lproj/Main.storyboard; sourceTree = "<group>"; };
		55B504631AE96949004E5C45 /* SudokuMac2015Tests.xctest */ = {isa = PBXFileReference; explicitFileType = wrapper.cfbundle; includeInIndex = 0; path = SudokuMac2015Tests.xctest; sourceTree = BUILT_PRODUCTS_DIR; };
		55B504681AE96949004E5C45 /* Info.plist */ = {isa = PBXFileReference; lastKnownFileType = text.plist.xml; path = Info.plist; sourceTree = "<group>"; };
		55B504691AE96949004E5C45 /* SudokuMac2015Tests.m */ = {isa = PBXFileReference; lastKnownFileType = sourcecode.c.objc; path = SudokuMac2015Tests.m; sourceTree = "<group>"; };
		55B504731AE969DC004E5C45 /* SudokuView.h */ = {isa = PBXFileReference; fileEncoding = 4; lastKnownFileType = sourcecode.c.h; path = SudokuView.h; sourceTree = "<group>"; };
		55B504741AE969DC004E5C45 /* SudokuView.m */ = {isa = PBXFileReference; fileEncoding = 4; lastKnownFileType = sourcecode.c.objc; path = SudokuView.m; sourceTree = "<group>"; };
/* End PBXFileReference section */

/* Begin PBXFrameworksBuildPhase section */
		55B5044A1AE96948004E5C45 /* Frameworks */ = {
			isa = PBXFrameworksBuildPhase;
			buildActionMask = 2147483647;
			files = (
			);
			runOnlyForDeploymentPostprocessing = 0;
		};
		55B504601AE96949004E5C45 /* Frameworks */ = {
			isa = PBXFrameworksBuildPhase;
			buildActionMask = 2147483647;
			files = (
			);
			runOnlyForDeploymentPostprocessing = 0;
		};
/* End PBXFrameworksBuildPhase section */

/* Begin PBXGroup section */
		55B504441AE96948004E5C45 = {
			isa = PBXGroup;
			children = (
				55B5044F1AE96948004E5C45 /* SudokuMac2015 */,
				55B504661AE96949004E5C45 /* SudokuMac2015Tests */,
				55B5044E1AE96948004E5C45 /* Products */,
			);
			sourceTree = "<group>";
		};
		55B5044E1AE96948004E5C45 /* Products */ = {
			isa = PBXGroup;
			children = (
				55B5044D1AE96948004E5C45 /* SudokuMac2015.app */,
				55B504631AE96949004E5C45 /* SudokuMac2015Tests.xctest */,
			);
			name = Products;
			sourceTree = "<group>";
		};
		55B5044F1AE96948004E5C45 /* SudokuMac2015 */ = {
			isa = PBXGroup;
			children = (
				55B504521AE96948004E5C45 /* AppDelegate.h */,
				55B504531AE96948004E5C45 /* AppDelegate.m */,
				55B504571AE96948004E5C45 /* SudokuViewController.h */,
				55B504581AE96948004E5C45 /* SudokuViewController.m */,
				55B504731AE969DC004E5C45 /* SudokuView.h */,
				55B504741AE969DC004E5C45 /* SudokuView.m */,
				5586ABE91AF2A0C200D4C714 /* SudokuPuzzle.h */,
				5586ABEA1AF2A0C200D4C714 /* SudokuPuzzle.m */,
				5586ABF41AF2A32D00D4C714 /* OptionsViewController.h */,
				5586ABF51AF2A32D00D4C714 /* OptionsViewController.m */,
				5586ABEC1AF2A16000D4C714 /* sudoku-easy.plist */,
				5586ABED1AF2A16000D4C714 /* sudoku-expert.plist */,
				5586ABEE1AF2A16000D4C714 /* sudoku-intermediate.plist */,
				5586ABEF1AF2A16000D4C714 /* sudoku-simple.plist */,
				55B5045A1AE96948004E5C45 /* Images.xcassets */,
				55B5045C1AE96948004E5C45 /* Main.storyboard */,
				55B504501AE96948004E5C45 /* Supporting Files */,
			);
			path = SudokuMac2015;
			sourceTree = "<group>";
		};
		55B504501AE96948004E5C45 /* Supporting Files */ = {
			isa = PBXGroup;
			children = (
				55B504511AE96948004E5C45 /* Info.plist */,
				55B504551AE96948004E5C45 /* main.m */,
			);
			name = "Supporting Files";
			sourceTree = "<group>";
		};
		55B504661AE96949004E5C45 /* SudokuMac2015Tests */ = {
			isa = PBXGroup;
			children = (
				55B504691AE96949004E5C45 /* SudokuMac2015Tests.m */,
				55B504671AE96949004E5C45 /* Supporting Files */,
			);
			path = SudokuMac2015Tests;
			sourceTree = "<group>";
		};
		55B504671AE96949004E5C45 /* Supporting Files */ = {
			isa = PBXGroup;
			children = (
				55B504681AE96949004E5C45 /* Info.plist */,
			);
			name = "Supporting Files";
			sourceTree = "<group>";
		};
/* End PBXGroup section */

/* Begin PBXNativeTarget section */
		55B5044C1AE96948004E5C45 /* SudokuMac2015 */ = {
			isa = PBXNativeTarget;
			buildConfigurationList = 55B5046D1AE96949004E5C45 /* Build configuration list for PBXNativeTarget "SudokuMac2015" */;
			buildPhases = (
				55B504491AE96948004E5C45 /* Sources */,
				55B5044A1AE96948004E5C45 /* Frameworks */,
				55B5044B1AE96948004E5C45 /* Resources */,
			);
			buildRules = (
			);
			dependencies = (
			);
			name = SudokuMac2015;
			productName = SudokuMac2015;
			productReference = 55B5044D1AE96948004E5C45 /* SudokuMac2015.app */;
			productType = "com.apple.product-type.application";
		};
		55B504621AE96949004E5C45 /* SudokuMac2015Tests */ = {
			isa = PBXNativeTarget;
			buildConfigurationList = 55B504701AE96949004E5C45 /* Build configuration list for PBXNativeTarget "SudokuMac2015Tests" */;
			buildPhases = (
				55B5045F1AE96949004E5C45 /* Sources */,
				55B504601AE96949004E5C45 /* Frameworks */,
				55B504611AE96949004E5C45 /* Resources */,
			);
			buildRules = (
			);
			dependencies = (
				55B504651AE96949004E5C45 /* PBXTargetDependency */,
			);
			name = SudokuMac2015Tests;
			productName = SudokuMac2015Tests;
			productReference = 55B504631AE96949004E5C45 /* SudokuMac2015Tests.xctest */;
			productType = "com.apple.product-type.bundle.unit-test";
		};
/* End PBXNativeTarget section */

/* Begin PBXProject section */
		55B504451AE96948004E5C45 /* Project object */ = {
			isa = PBXProject;
			attributes = {
				LastUpgradeCheck = 0610;
				ORGANIZATIONNAME = "Wayne O. Cochran";
				TargetAttributes = {
					55B5044C1AE96948004E5C45 = {
						CreatedOnToolsVersion = 6.1.1;
					};
					55B504621AE96949004E5C45 = {
						CreatedOnToolsVersion = 6.1.1;
						TestTargetID = 55B5044C1AE96948004E5C45;
					};
				};
			};
			buildConfigurationList = 55B504481AE96948004E5C45 /* Build configuration list for PBXProject "SudokuMac2015" */;
			compatibilityVersion = "Xcode 3.2";
			developmentRegion = English;
			hasScannedForEncodings = 0;
			knownRegions = (
				en,
				Base,
			);
			mainGroup = 55B504441AE96948004E5C45;
			productRefGroup = 55B5044E1AE96948004E5C45 /* Products */;
			projectDirPath = "";
			projectRoot = "";
			targets = (
				55B5044C1AE96948004E5C45 /* SudokuMac2015 */,
				55B504621AE96949004E5C45 /* SudokuMac2015Tests */,
			);
		};
/* End PBXProject section */

/* Begin PBXResourcesBuildPhase section */
		55B5044B1AE96948004E5C45 /* Resources */ = {
			isa = PBXResourcesBuildPhase;
			buildActionMask = 2147483647;
			files = (
				55B5045B1AE96948004E5C45 /* Images.xcassets in Resources */,
				5586ABF21AF2A16000D4C714 /* sudoku-intermediate.plist in Resources */,
				5586ABF11AF2A16000D4C714 /* sudoku-expert.plist in Resources */,
				5586ABF31AF2A16000D4C714 /* sudoku-simple.plist in Resources */,
				5586ABF01AF2A16000D4C714 /* sudoku-easy.plist in Resources */,
				55B5045E1AE96948004E5C45 /* Main.storyboard in Resources */,
			);
			runOnlyForDeploymentPostprocessing = 0;
		};
		55B504611AE96949004E5C45 /* Resources */ = {
			isa = PBXResourcesBuildPhase;
			buildActionMask = 2147483647;
			files = (
			);
			runOnlyForDeploymentPostprocessing = 0;
		};
/* End PBXResourcesBuildPhase section */

/* Begin PBXSourcesBuildPhase section */
		55B504491AE96948004E5C45 /* Sources */ = {
			isa = PBXSourcesBuildPhase;
			buildActionMask = 2147483647;
			files = (
				5586ABEB1AF2A0C200D4C714 /* SudokuPuzzle.m in Sources */,
				55B504591AE96948004E5C45 /* SudokuViewController.m in Sources */,
				55B504751AE969DC004E5C45 /* SudokuView.m in Sources */,
				55B504561AE96948004E5C45 /* main.m in Sources */,
				55B504541AE96948004E5C45 /* AppDelegate.m in Sources */,
				5586ABF61AF2A32D00D4C714 /* OptionsViewController.m in Sources */,
			);
			runOnlyForDeploymentPostprocessing = 0;
		};
		55B5045F1AE96949004E5C45 /* Sources */ = {
			isa = PBXSourcesBuildPhase;
			buildActionMask = 2147483647;
			files = (
				55B5046A1AE96949004E5C45 /* SudokuMac2015Tests.m in Sources */,
			);
			runOnlyForDeploymentPostprocessing = 0;
		};
/* End PBXSourcesBuildPhase section */

/* Begin PBXTargetDependency section */
		55B504651AE96949004E5C45 /* PBXTargetDependency */ = {
			isa = PBXTargetDependency;
			target = 55B5044C1AE96948004E5C45 /* SudokuMac2015 */;
			targetProxy = 55B504641AE96949004E5C45 /* PBXContainerItemProxy */;
		};
/* End PBXTargetDependency section */

/* Begin PBXVariantGroup section */
		55B5045C1AE96948004E5C45 /* Main.storyboard */ = {
			isa = PBXVariantGroup;
			children = (
				55B5045D1AE96948004E5C45 /* Base */,
			);
			name = Main.storyboard;
			sourceTree = "<group>";
		};
/* End PBXVariantGroup section */

/* Begin XCBuildConfiguration section */
		55B5046B1AE96949004E5C45 /* Debug */ = {
			isa = XCBuildConfiguration;
			buildSettings = {
				ALWAYS_SEARCH_USER_PATHS = NO;
				CLANG_CXX_LANGUAGE_STANDARD = "gnu++0x";
				CLANG_CXX_LIBRARY = "libc++";
				CLANG_ENABLE_MODULES = YES;
				CLANG_ENABLE_OBJC_ARC = YES;
				CLANG_WARN_BOOL_CONVERSION = YES;
				CLANG_WARN_CONSTANT_CONVERSION = YES;
				CLANG_WARN_DIRECT_OBJC_ISA_USAGE = YES_ERROR;
				CLANG_WARN_EMPTY_BODY = YES;
				CLANG_WARN_ENUM_CONVERSION = YES;
				CLANG_WARN_INT_CONVERSION = YES;
				CLANG_WARN_OBJC_ROOT_CLASS = YES_ERROR;
				CLANG_WARN_UNREACHABLE_CODE = YES;
				CLANG_WARN__DUPLICATE_METHOD_MATCH = YES;
				CODE_SIGN_IDENTITY = "-";
				COPY_PHASE_STRIP = NO;
				ENABLE_STRICT_OBJC_MSGSEND = YES;
				GCC_C_LANGUAGE_STANDARD = gnu99;
				GCC_DYNAMIC_NO_PIC = NO;
				GCC_OPTIMIZATION_LEVEL = 0;
				GCC_PREPROCESSOR_DEFINITIONS = (
					"DEBUG=1",
					"$(inherited)",
				);
				GCC_SYMBOLS_PRIVATE_EXTERN = NO;
				GCC_WARN_64_TO_32_BIT_CONVERSION = YES;
				GCC_WARN_ABOUT_RETURN_TYPE = YES_ERROR;
				GCC_WARN_UNDECLARED_SELECTOR = YES;
				GCC_WARN_UNINITIALIZED_AUTOS = YES_AGGRESSIVE;
				GCC_WARN_UNUSED_FUNCTION = YES;
				GCC_WARN_UNUSED_VARIABLE = YES;
				MACOSX_DEPLOYMENT_TARGET = 10.10;
				MTL_ENABLE_DEBUG_INFO = YES;
				ONLY_ACTIVE_ARCH = YES;
				SDKROOT = macosx;
			};
			name = Debug;
		};
		55B5046C1AE96949004E5C45 /* Release */ = {
			isa = XCBuildConfiguration;
			buildSettings = {
				ALWAYS_SEARCH_USER_PATHS = NO;
				CLANG_CXX_LANGUAGE_STANDARD = "gnu++0x";
				CLANG_CXX_LIBRARY = "libc++";
				CLANG_ENABLE_MODULES = YES;
				CLANG_ENABLE_OBJC_ARC = YES;
				CLANG_WARN_BOOL_CONVERSION = YES;
				CLANG_WARN_CONSTANT_CONVERSION = YES;
				CLANG_WARN_DIRECT_OBJC_ISA_USAGE = YES_ERROR;
				CLANG_WARN_EMPTY_BODY = YES;
				CLANG_WARN_ENUM_CONVERSION = YES;
				CLANG_WARN_INT_CONVERSION = YES;
				CLANG_WARN_OBJC_ROOT_CLASS = YES_ERROR;
				CLANG_WARN_UNREACHABLE_CODE = YES;
				CLANG_WARN__DUPLICATE_METHOD_MATCH = YES;
				CODE_SIGN_IDENTITY = "-";
				COPY_PHASE_STRIP = YES;
				DEBUG_INFORMATION_FORMAT = "dwarf-with-dsym";
				ENABLE_NS_ASSERTIONS = NO;
				ENABLE_STRICT_OBJC_MSGSEND = YES;
				GCC_C_LANGUAGE_STANDARD = gnu99;
				GCC_WARN_64_TO_32_BIT_CONVERSION = YES;
				GCC_WARN_ABOUT_RETURN_TYPE = YES_ERROR;
				GCC_WARN_UNDECLARED_SELECTOR = YES;
				GCC_WARN_UNINITIALIZED_AUTOS = YES_AGGRESSIVE;
				GCC_WARN_UNUSED_FUNCTION = YES;
				GCC_WARN_UNUSED_VARIABLE = YES;
				MACOSX_DEPLOYMENT_TARGET = 10.10;
				MTL_ENABLE_DEBUG_INFO = NO;
				SDKROOT = macosx;
			};
			name = Release;
		};
		55B5046E1AE96949004E5C45 /* Debug */ = {
			isa = XCBuildConfiguration;
			buildSettings = {
				ASSETCATALOG_COMPILER_APPICON_NAME = AppIcon;
				COMBINE_HIDPI_IMAGES = YES;
				INFOPLIST_FILE = SudokuMac2015/Info.plist;
				LD_RUNPATH_SEARCH_PATHS = "$(inherited) @executable_path/../Frameworks";
				PRODUCT_NAME = "$(TARGET_NAME)";
			};
			name = Debug;
		};
		55B5046F1AE96949004E5C45 /* Release */ = {
			isa = XCBuildConfiguration;
			buildSettings = {
				ASSETCATALOG_COMPILER_APPICON_NAME = AppIcon;
				COMBINE_HIDPI_IMAGES = YES;
				INFOPLIST_FILE = SudokuMac2015/Info.plist;
				LD_RUNPATH_SEARCH_PATHS = "$(inherited) @executable_path/../Frameworks";
				PRODUCT_NAME = "$(TARGET_NAME)";
			};
			name = Release;
		};
		55B504711AE96949004E5C45 /* Debug */ = {
			isa = XCBuildConfiguration;
			buildSettings = {
				BUNDLE_LOADER = "$(TEST_HOST)";
				COMBINE_HIDPI_IMAGES = YES;
				FRAMEWORK_SEARCH_PATHS = (
					"$(DEVELOPER_FRAMEWORKS_DIR)",
					"$(inherited)",
				);
				GCC_PREPROCESSOR_DEFINITIONS = (
					"DEBUG=1",
					"$(inherited)",
				);
				INFOPLIST_FILE = SudokuMac2015Tests/Info.plist;
				LD_RUNPATH_SEARCH_PATHS = "$(inherited) @executable_path/../Frameworks @loader_path/../Frameworks";
				PRODUCT_NAME = "$(TARGET_NAME)";
				TEST_HOST = "$(BUILT_PRODUCTS_DIR)/SudokuMac2015.app/Contents/MacOS/SudokuMac2015";
			};
			name = Debug;
		};
		55B504721AE96949004E5C45 /* Release */ = {
			isa = XCBuildConfiguration;
			buildSettings = {
				BUNDLE_LOADER = "$(TEST_HOST)";
				COMBINE_HIDPI_IMAGES = YES;
				FRAMEWORK_SEARCH_PATHS = (
					"$(DEVELOPER_FRAMEWORKS_DIR)",
					"$(inherited)",
				);
				INFOPLIST_FILE = SudokuMac2015Tests/Info.plist;
				LD_RUNPATH_SEARCH_PATHS = "$(inherited) @executable_path/../Frameworks @loader_path/../Frameworks";
				PRODUCT_NAME = "$(TARGET_NAME)";
				TEST_HOST = "$(BUILT_PRODUCTS_DIR)/SudokuMac2015.app/Contents/MacOS/SudokuMac2015";
			};
			name = Release;
		};
/* End XCBuildConfiguration section */

/* Begin XCConfigurationList section */
		55B504481AE96948004E5C45 /* Build configuration list for PBXProject "SudokuMac2015" */ = {
			isa = XCConfigurationList;
			buildConfigurations = (
				55B5046B1AE96949004E5C45 /* Debug */,
				55B5046C1AE96949004E5C45 /* Release */,
			);
			defaultConfigurationIsVisible = 0;
			defaultConfigurationName = Release;
		};
		55B5046D1AE96949004E5C45 /* Build configuration list for PBXNativeTarget "SudokuMac2015" */ = {
			isa = XCConfigurationList;
			buildConfigurations = (
				55B5046E1AE96949004E5C45 /* Debug */,
				55B5046F1AE96949004E5C45 /* Release */,
			);
			defaultConfigurationIsVisible = 0;
			defaultConfigurationName = Release;
		};
		55B504701AE96949004E5C45 /* Build configuration list for PBXNativeTarget "SudokuMac2015Tests" */ = {
			isa = XCConfigurationList;
			buildConfigurations = (
				55B504711AE96949004E5C45 /* Debug */,
				55B504721AE96949004E5C45 /* Release */,
			);
			defaultConfigurationIsVisible = 0;
			defaultConfigurationName = Release;
		};
/* End XCConfigurationList section */
	};
	rootObject = 55B504451AE96948004E5C45 /* Project object */;
}
